
Microsoft Visual Studio Solution File, Format Version 11.00
# Visual Studio 2010
Project("{FAE04EC0-301F-11D3-BF4B-00C04F79EFBC}") = "Fias.Loader", "Fias.Loader\Fias.Loader.csproj", "{A5E2FFFA-F60D-4621-95E4-C826DCA8AF59}"
EndProject
Project("{2150E333-8FDC-42A3-9474-1A3956D46DE8}") = "Docs", "Docs", "{F3E3C4A9-4D79-4B54-B460-0CA9EAFB04AA}"
	ProjectSection(SolutionItems) = preProject
		docs\Сведения о составе информации ФИАС.doc = docs\Сведения о составе информации ФИАС.doc
	EndProjectSection
EndProject
Global
	GlobalSection(SolutionConfigurationPlatforms) = preSolution
		Debug|Any CPU = Debug|Any CPU
		Debug|Mixed Platforms = Debug|Mixed Platforms
		Debug|x86 = Debug|x86
		Release|Any CPU = Release|Any CPU
		Release|Mixed Platforms = Release|Mixed Platforms
		Release|x86 = Release|x86
	EndGlobalSection
	GlobalSection(ProjectConfigurationPlatforms) = postSolution
		{A5E2FFFA-F60D-4621-95E4-C826DCA8AF59}.Debug|Any CPU.ActiveCfg = Debug|x86
		{A5E2FFFA-F60D-4621-95E4-C826DCA8AF59}.Debug|Mixed Platforms.ActiveCfg = Debug|x86
		{A5E2FFFA-F60D-4621-95E4-C826DCA8AF59}.Debug|Mixed Platforms.Build.0 = Debug|x86
		{A5E2FFFA-F60D-4621-95E4-C826DCA8AF59}.Debug|x86.ActiveCfg = Debug|x86
		{A5E2FFFA-F60D-4621-95E4-C826DCA8AF59}.Release|Any CPU.ActiveCfg = Release|x86
		{A5E2FFFA-F60D-4621-95E4-C826DCA8AF59}.Release|Mixed Platforms.ActiveCfg = Release|x86
		{A5E2FFFA-F60D-4621-95E4-C826DCA8AF59}.Release|Mixed Platforms.Build.0 = Release|x86
		{A5E2FFFA-F60D-4621-95E4-C826DCA8AF59}.Release|x86.ActiveCfg = Release|x86
		{A5E2FFFA-F60D-4621-95E4-C826DCA8AF59}.Release|x86.Build.0 = Release|x86
	EndGlobalSection
	GlobalSection(SolutionProperties) = preSolution
		HideSolutionNode = FALSE
	EndGlobalSection
EndGlobal
